
Microsoft Visual Studio Solution File, Format Version 12.00
# Visual Studio Version 17
VisualStudioVersion = 17.7.34221.43
MinimumVisualStudioVersion = 10.0.40219.1
Project("{FAE04EC0-301F-11D3-BF4B-00C04F79EFBC}") = "SerialPortTester", "SerialPortTester\SerialPortTester.csproj", "{F4FF3367-6F42-49F7-9730-E5A476294B9C}"
EndProject
Global
	GlobalSection(SolutionConfigurationPlatforms) = preSolution
		Debug|Any CPU = Debug|Any CPU
		Release|Any CPU = Release|Any CPU
	EndGlobalSection
	GlobalSection(ProjectConfigurationPlatforms) = postSolution
		{F4FF3367-6F42-49F7-9730-E5A476294B9C}.Debug|Any CPU.ActiveCfg = Debug|Any CPU
		{F4FF3367-6F42-49F7-9730-E5A476294B9C}.Debug|Any CPU.Build.0 = Debug|Any CPU
		{F4FF3367-6F42-49F7-9730-E5A476294B9C}.Release|Any CPU.ActiveCfg = Release|Any CPU
		{F4FF3367-6F42-49F7-9730-E5A476294B9C}.Release|Any CPU.Build.0 = Release|Any CPU
	EndGlobalSection
	GlobalSection(SolutionProperties) = preSolution
		HideSolutionNode = FALSE
	EndGlobalSection
	GlobalSection(ExtensibilityGlobals) = postSolution
		SolutionGuid = {71891C1D-5E14-4066-BB07-38589A0DC6F2}
	EndGlobalSection
EndGlobal
